<?xml version="1.0" encoding="utf-8"?>
<Project ToolsVersion="4.0" xmlns="http://schemas.microsoft.com/developer/msbuild/2003">
  <ItemGroup>
    <ClCompile Include="Panels.cpp">
      <Filter>Source</Filter>
    </ClCompile>
    <ClCompile Include="CDrawManager.cpp">
      <Filter>Source</Filter>
    </ClCompile>
    <ClCompile Include="Client.cpp">
      <Filter>Source</Filter>
    </ClCompile>
    <ClCompile Include="DLLMain.cpp">
      <Filter>Source</Filter>
    </ClCompile>
    <ClCompile Include="CSignature.cpp">
      <Filter>Source</Filter>
    </ClCompile>
    <ClCompile Include="Log.cpp">
      <Filter>Source</Filter>
    </ClCompile>
    <ClCompile Include="minhook\buffer.c">
      <Filter>minhook</Filter>
    </ClCompile>
    <ClCompile Include="minhook\hook.c">
      <Filter>minhook</Filter>
    </ClCompile>
    <ClCompile Include="minhook\trampoline.c">
      <Filter>minhook</Filter>
    </ClCompile>
    <ClCompile Include="minhook\hde\hde32.c">
      <Filter>minhook</Filter>
    </ClCompile>
    <ClCompile Include="minhook\hde\hde64.c">
      <Filter>minhook</Filter>
    </ClCompile>
    <ClCompile Include="NetVar.cpp">
      <Filter>Source</Filter>
    </ClCompile>
    <ClCompile Include="CBaseEntity.cpp">
      <Filter>Source</Filter>
    </ClCompile>
    <ClCompile Include="CMenu.cpp">
      <Filter>Source</Filter>
    </ClCompile>
    <ClCompile Include="MD5.cpp">
      <Filter>Source</Filter>
    </ClCompile>
    <ClCompile Include="Checksum.cpp">
      <Filter>Source</Filter>
    </ClCompile>
    <ClCompile Include="Aimbot.cpp">
      <Filter>Source</Filter>
    </ClCompile>
  </ItemGroup>
  <ItemGroup>
    <ClInclude Include="CDrawManager.h">
      <Filter>Headers</Filter>
    </ClInclude>
    <ClInclude Include="CGlobalVars.h">
      <Filter>Headers</Filter>
    </ClInclude>
    <ClInclude Include="Client.h">
      <Filter>Headers</Filter>
    </ClInclude>
    <ClInclude Include="getvfunc.h">
      <Filter>Headers</Filter>
    </ClInclude>
    <ClInclude Include="Panels.h">
      <Filter>Headers</Filter>
    </ClInclude>
    <ClInclude Include="SDK.h">
      <Filter>Headers</Filter>
    </ClInclude>
    <ClInclude Include="Vector.h">
      <Filter>Headers</Filter>
    </ClInclude>
    <ClInclude Include="WeaponList.h">
      <Filter>Headers</Filter>
    </ClInclude>
    <ClInclude Include="CSignature.h">
      <Filter>Headers</Filter>
    </ClInclude>
    <ClInclude Include="Log.h">
      <Filter>Headers</Filter>
    </ClInclude>
    <ClInclude Include="minhook\buffer.h">
      <Filter>minhook</Filter>
    </ClInclude>
    <ClInclude Include="minhook\minhook.h">
      <Filter>minhook</Filter>
    </ClInclude>
    <ClInclude Include="minhook\trampoline.h">
      <Filter>minhook</Filter>
    </ClInclude>
    <ClInclude Include="minhook\hde\hde32.h">
      <Filter>minhook</Filter>
    </ClInclude>
    <ClInclude Include="minhook\hde\hde64.h">
      <Filter>minhook</Filter>
    </ClInclude>
    <ClInclude Include="minhook\hde\pstdint.h">
      <Filter>minhook</Filter>
    </ClInclude>
    <ClInclude Include="minhook\hde\table32.h">
      <Filter>minhook</Filter>
    </ClInclude>
    <ClInclude Include="minhook\hde\table64.h">
      <Filter>minhook</Filter>
    </ClInclude>
    <ClInclude Include="NetVar.h">
      <Filter>Headers</Filter>
    </ClInclude>
    <ClInclude Include="studio.h">
      <Filter>Headers</Filter>
    </ClInclude>
    <ClInclude Include="CMenu.h">
      <Filter>Headers</Filter>
    </ClInclude>
    <ClInclude Include="MD5.h">
      <Filter>Headers</Filter>
    </ClInclude>
    <ClInclude Include="CUtlVector.h">
      <Filter>Headers</Filter>
    </ClInclude>
    <ClInclude Include="Checksum.h">
      <Filter>Headers</Filter>
    </ClInclude>
    <ClInclude Include="ConVar.h">
      <Filter>Headers</Filter>
    </ClInclude>
    <ClInclude Include="Aimbot.h">
      <Filter>Headers</Filter>
    </ClInclude>
    <ClInclude Include="Math.h">
      <Filter>Headers</Filter>
    </ClInclude>
    <ClInclude Include="Autowall.h">
      <Filter>Headers</Filter>
    </ClInclude>
  </ItemGroup>
  <ItemGroup>
    <Filter Include="Headers">
      <UniqueIdentifier>{79b023fd-cbc8-41db-bfda-b06ff3b945f3}</UniqueIdentifier>
    </Filter>
    <Filter Include="Source">
      <UniqueIdentifier>{7561bd3e-f399-43c0-80fd-202de503f606}</UniqueIdentifier>
    </Filter>
    <Filter Include="minhook">
      <UniqueIdentifier>{3d0529df-fdee-4b3f-9a22-8359736e139d}</UniqueIdentifier>
    </Filter>
  </ItemGroup>
</Project>